
Microsoft Visual Studio Solution File, Format Version 12.00
# Visual Studio Version 17
VisualStudioVersion = 17.10.35122.118
MinimumVisualStudioVersion = 10.0.40219.1
Project("{9A19103F-16F7-4668-BE54-9A1E7A4F7556}") = "SuperMarket.Domain", "SuperMarket.Domain\SuperMarket.Domain.csproj", "{5BBE1442-22A8-4D08-A535-CF28F60F5792}"
EndProject
Project("{9A19103F-16F7-4668-BE54-9A1E7A4F7556}") = "SuperMarket.Application", "SuperMarket.Application\SuperMarket.Application.csproj", "{400B53E6-CBFD-4FED-B811-6D301EC68928}"
EndProject
Project("{9A19103F-16F7-4668-BE54-9A1E7A4F7556}") = "SuperMarket.Infrastructure", "SuperMarket.Infrastructure\SuperMarket.Infrastructure.csproj", "{CE546147-935E-4514-B710-B617E83BE5C9}"
EndProject
Project("{9A19103F-16F7-4668-BE54-9A1E7A4F7556}") = "SuperMarket.Web", "SuperMarket.Web\SuperMarket.Web.csproj", "{352E2A4C-0A9C-4256-A7A0-05471ACA3D84}"
EndProject
Project("{9A19103F-16F7-4668-BE54-9A1E7A4F7556}") = "SuperMarket.API", "SuperMarket.API\SuperMarket.API.csproj", "{C6ABC4ED-69F4-43C9-A9CC-577E20C8F77D}"
EndProject
Global
	GlobalSection(SolutionConfigurationPlatforms) = preSolution
		Debug|Any CPU = Debug|Any CPU
		Release|Any CPU = Release|Any CPU
	EndGlobalSection
	GlobalSection(ProjectConfigurationPlatforms) = postSolution
		{5BBE1442-22A8-4D08-A535-CF28F60F5792}.Debug|Any CPU.ActiveCfg = Debug|Any CPU
		{5BBE1442-22A8-4D08-A535-CF28F60F5792}.Debug|Any CPU.Build.0 = Debug|Any CPU
		{5BBE1442-22A8-4D08-A535-CF28F60F5792}.Release|Any CPU.ActiveCfg = Release|Any CPU
		{5BBE1442-22A8-4D08-A535-CF28F60F5792}.Release|Any CPU.Build.0 = Release|Any CPU
		{400B53E6-CBFD-4FED-B811-6D301EC68928}.Debug|Any CPU.ActiveCfg = Debug|Any CPU
		{400B53E6-CBFD-4FED-B811-6D301EC68928}.Debug|Any CPU.Build.0 = Debug|Any CPU
		{400B53E6-CBFD-4FED-B811-6D301EC68928}.Release|Any CPU.ActiveCfg = Release|Any CPU
		{400B53E6-CBFD-4FED-B811-6D301EC68928}.Release|Any CPU.Build.0 = Release|Any CPU
		{CE546147-935E-4514-B710-B617E83BE5C9}.Debug|Any CPU.ActiveCfg = Debug|Any CPU
		{CE546147-935E-4514-B710-B617E83BE5C9}.Debug|Any CPU.Build.0 = Debug|Any CPU
		{CE546147-935E-4514-B710-B617E83BE5C9}.Release|Any CPU.ActiveCfg = Release|Any CPU
		{CE546147-935E-4514-B710-B617E83BE5C9}.Release|Any CPU.Build.0 = Release|Any CPU
		{352E2A4C-0A9C-4256-A7A0-05471ACA3D84}.Debug|Any CPU.ActiveCfg = Debug|Any CPU
		{352E2A4C-0A9C-4256-A7A0-05471ACA3D84}.Debug|Any CPU.Build.0 = Debug|Any CPU
		{352E2A4C-0A9C-4256-A7A0-05471ACA3D84}.Release|Any CPU.ActiveCfg = Release|Any CPU
		{352E2A4C-0A9C-4256-A7A0-05471ACA3D84}.Release|Any CPU.Build.0 = Release|Any CPU
		{C6ABC4ED-69F4-43C9-A9CC-577E20C8F77D}.Debug|Any CPU.ActiveCfg = Debug|Any CPU
		{C6ABC4ED-69F4-43C9-A9CC-577E20C8F77D}.Debug|Any CPU.Build.0 = Debug|Any CPU
		{C6ABC4ED-69F4-43C9-A9CC-577E20C8F77D}.Release|Any CPU.ActiveCfg = Release|Any CPU
		{C6ABC4ED-69F4-43C9-A9CC-577E20C8F77D}.Release|Any CPU.Build.0 = Release|Any CPU
	EndGlobalSection
	GlobalSection(SolutionProperties) = preSolution
		HideSolutionNode = FALSE
	EndGlobalSection
	GlobalSection(ExtensibilityGlobals) = postSolution
		SolutionGuid = {03CB02E5-99F0-41C5-ABE5-C8373E8EE720}
	EndGlobalSection
EndGlobal
